
Microsoft Visual Studio Solution File, Format Version 12.00
# Visual Studio Version 16
VisualStudioVersion = 16.0.31424.327
MinimumVisualStudioVersion = 10.0.40219.1
Project("{FAE04EC0-301F-11D3-BF4B-00C04F79EFBC}") = "MoviesApi", "MoviesApi\MoviesApi.csproj", "{5763CADA-F608-47F1-A888-E7DECC3B399A}"
EndProject
Global
	GlobalSection(SolutionConfigurationPlatforms) = preSolution
		Debug|Any CPU = Debug|Any CPU
		Release|Any CPU = Release|Any CPU
	EndGlobalSection
	GlobalSection(ProjectConfigurationPlatforms) = postSolution
		{5763CADA-F608-47F1-A888-E7DECC3B399A}.Debug|Any CPU.ActiveCfg = Debug|Any CPU
		{5763CADA-F608-47F1-A888-E7DECC3B399A}.Debug|Any CPU.Build.0 = Debug|Any CPU
		{5763CADA-F608-47F1-A888-E7DECC3B399A}.Release|Any CPU.ActiveCfg = Release|Any CPU
		{5763CADA-F608-47F1-A888-E7DECC3B399A}.Release|Any CPU.Build.0 = Release|Any CPU
	EndGlobalSection
	GlobalSection(SolutionProperties) = preSolution
		HideSolutionNode = FALSE
	EndGlobalSection
	GlobalSection(ExtensibilityGlobals) = postSolution
		SolutionGuid = {EAA37BA5-2D60-4552-AF7B-B6507E7BEC51}
	EndGlobalSection
EndGlobal
